// !$*UTF8*$!
{
	archiveVersion = 1;
	classes = {
	};
	objectVersion = 56;
	objects = {

/* Begin PBXBuildFile section */
		6E09B4AF2B7F9980001F3F1B /* SeachView.swift in Sources */ = {isa = PBXBuildFile; fileRef = 6E09B4AE2B7F9980001F3F1B /* SeachView.swift */; };
		6E236B562B8667E700B023C7 /* SeachViewRepresentable.swift in Sources */ = {isa = PBXBuildFile; fileRef = 6E236B552B8667E700B023C7 /* SeachViewRepresentable.swift */; };
		6E236B582B8668DF00B023C7 /* DetailViewControllerHosting.swift in Sources */ = {isa = PBXBuildFile; fileRef = 6E236B572B8668DF00B023C7 /* DetailViewControllerHosting.swift */; };
		6E236B5A2B866DC300B023C7 /* SeachViewController.swift in Sources */ = {isa = PBXBuildFile; fileRef = 6E236B592B866DC300B023C7 /* SeachViewController.swift */; };
		6E236B5C2B866DFB00B023C7 /* SeachCollectionViewCell.swift in Sources */ = {isa = PBXBuildFile; fileRef = 6E236B5B2B866DFB00B023C7 /* SeachCollectionViewCell.swift */; };
		6E55B48F2B87500D000AF011 /* HeaderCell.swift in Sources */ = {isa = PBXBuildFile; fileRef = 6E55B48E2B87500D000AF011 /* HeaderCell.swift */; };
		6E7AD6872B83570300E1E13E /* DetailSearchView.swift in Sources */ = {isa = PBXBuildFile; fileRef = 6E7AD6862B83570300E1E13E /* DetailSearchView.swift */; };
		6E7AD6892B84ADB600E1E13E /* SearchModel.swift in Sources */ = {isa = PBXBuildFile; fileRef = 6E7AD6882B84ADB600E1E13E /* SearchModel.swift */; };
		6E7AD68B2B84F8DB00E1E13E /* DetailSearchCell.swift in Sources */ = {isa = PBXBuildFile; fileRef = 6E7AD68A2B84F8DB00E1E13E /* DetailSearchCell.swift */; };
		6E8C8A5A2B74FAC50088DC07 /* AppleMusicApp.swift in Sources */ = {isa = PBXBuildFile; fileRef = 6E8C8A592B74FAC50088DC07 /* AppleMusicApp.swift */; };
		6E8C8A5C2B74FAC50088DC07 /* ContentView.swift in Sources */ = {isa = PBXBuildFile; fileRef = 6E8C8A5B2B74FAC50088DC07 /* ContentView.swift */; };
		6E8C8A5E2B74FAC80088DC07 /* Assets.xcassets in Resources */ = {isa = PBXBuildFile; fileRef = 6E8C8A5D2B74FAC80088DC07 /* Assets.xcassets */; };
		6E8C8A612B74FAC80088DC07 /* Preview Assets.xcassets in Resources */ = {isa = PBXBuildFile; fileRef = 6E8C8A602B74FAC80088DC07 /* Preview Assets.xcassets */; };
		6E8C8A682B7505800088DC07 /* LibraryView.swift in Sources */ = {isa = PBXBuildFile; fileRef = 6E8C8A672B75057F0088DC07 /* LibraryView.swift */; };
		6E8C8A6A2B753DB40088DC07 /* MiniPlayerView.swift in Sources */ = {isa = PBXBuildFile; fileRef = 6E8C8A692B753DB30088DC07 /* MiniPlayerView.swift */; };
		6E8C8A6C2B7626670088DC07 /* BlurView.swift in Sources */ = {isa = PBXBuildFile; fileRef = 6E8C8A6B2B7626670088DC07 /* BlurView.swift */; };
		6E8C8A6E2B7632C40088DC07 /* TextData.swift in Sources */ = {isa = PBXBuildFile; fileRef = 6E8C8A6D2B7632C40088DC07 /* TextData.swift */; };
		6E8C8A702B76338B0088DC07 /* TabBar.swift in Sources */ = {isa = PBXBuildFile; fileRef = 6E8C8A6F2B76338B0088DC07 /* TabBar.swift */; };
		6E8C8A722B763B330088DC07 /* ListView.swift in Sources */ = {isa = PBXBuildFile; fileRef = 6E8C8A712B763B330088DC07 /* ListView.swift */; };
		6E8C8A752B763BD70088DC07 /* ListModel.swift in Sources */ = {isa = PBXBuildFile; fileRef = 6E8C8A742B763BD70088DC07 /* ListModel.swift */; };
		6E8C8A772B7644830088DC07 /* ListRow.swift in Sources */ = {isa = PBXBuildFile; fileRef = 6E8C8A762B7644830088DC07 /* ListRow.swift */; };
		6E8C8A7C2B76A18D0088DC07 /* RadioView.swift in Sources */ = {isa = PBXBuildFile; fileRef = 6E8C8A7B2B76A18D0088DC07 /* RadioView.swift */; };
		6E8C8A7E2B76A1CC0088DC07 /* RadioVGrid.swift in Sources */ = {isa = PBXBuildFile; fileRef = 6E8C8A7D2B76A1CC0088DC07 /* RadioVGrid.swift */; };
		6E8C8A802B76A1DF0088DC07 /* RadioHGrid.swift in Sources */ = {isa = PBXBuildFile; fileRef = 6E8C8A7F2B76A1DF0088DC07 /* RadioHGrid.swift */; };
		6E8C8A822B76A2C20088DC07 /* RadioModel.swift in Sources */ = {isa = PBXBuildFile; fileRef = 6E8C8A812B76A2C20088DC07 /* RadioModel.swift */; };
		6E8C8A842B76A7190088DC07 /* StationModel.swift in Sources */ = {isa = PBXBuildFile; fileRef = 6E8C8A832B76A7190088DC07 /* StationModel.swift */; };
		6EC608392B8017FF00028B07 /* CategoryCell.swift in Sources */ = {isa = PBXBuildFile; fileRef = 6EC608382B8017FF00028B07 /* CategoryCell.swift */; };
		6EC6083C2B80CF5900028B07 /* PlayerView.swift in Sources */ = {isa = PBXBuildFile; fileRef = 6EC6083B2B80CF5900028B07 /* PlayerView.swift */; };
/* End PBXBuildFile section */

/* Begin PBXFileReference section */
		6E09B4AE2B7F9980001F3F1B /* SeachView.swift */ = {isa = PBXFileReference; lastKnownFileType = sourcecode.swift; path = SeachView.swift; sourceTree = "<group>"; };
		6E236B552B8667E700B023C7 /* SeachViewRepresentable.swift */ = {isa = PBXFileReference; lastKnownFileType = sourcecode.swift; path = SeachViewRepresentable.swift; sourceTree = "<group>"; };
		6E236B572B8668DF00B023C7 /* DetailViewControllerHosting.swift */ = {isa = PBXFileReference; lastKnownFileType = sourcecode.swift; path = DetailViewControllerHosting.swift; sourceTree = "<group>"; };
		6E236B592B866DC300B023C7 /* SeachViewController.swift */ = {isa = PBXFileReference; lastKnownFileType = sourcecode.swift; path = SeachViewController.swift; sourceTree = "<group>"; };
		6E236B5B2B866DFB00B023C7 /* SeachCollectionViewCell.swift */ = {isa = PBXFileReference; lastKnownFileType = sourcecode.swift; path = SeachCollectionViewCell.swift; sourceTree = "<group>"; };
		6E55B48E2B87500D000AF011 /* HeaderCell.swift */ = {isa = PBXFileReference; lastKnownFileType = sourcecode.swift; path = HeaderCell.swift; sourceTree = "<group>"; };
		6E7AD6862B83570300E1E13E /* DetailSearchView.swift */ = {isa = PBXFileReference; lastKnownFileType = sourcecode.swift; path = DetailSearchView.swift; sourceTree = "<group>"; };
		6E7AD6882B84ADB600E1E13E /* SearchModel.swift */ = {isa = PBXFileReference; lastKnownFileType = sourcecode.swift; path = SearchModel.swift; sourceTree = "<group>"; };
		6E7AD68A2B84F8DB00E1E13E /* DetailSearchCell.swift */ = {isa = PBXFileReference; lastKnownFileType = sourcecode.swift; path = DetailSearchCell.swift; sourceTree = "<group>"; };
		6E8C8A562B74FAC50088DC07 /* AppleMusic.app */ = {isa = PBXFileReference; explicitFileType = wrapper.application; includeInIndex = 0; path = AppleMusic.app; sourceTree = BUILT_PRODUCTS_DIR; };
		6E8C8A592B74FAC50088DC07 /* AppleMusicApp.swift */ = {isa = PBXFileReference; lastKnownFileType = sourcecode.swift; path = AppleMusicApp.swift; sourceTree = "<group>"; };
		6E8C8A5B2B74FAC50088DC07 /* ContentView.swift */ = {isa = PBXFileReference; lastKnownFileType = sourcecode.swift; path = ContentView.swift; sourceTree = "<group>"; };
		6E8C8A5D2B74FAC80088DC07 /* Assets.xcassets */ = {isa = PBXFileReference; lastKnownFileType = folder.assetcatalog; path = Assets.xcassets; sourceTree = "<group>"; };
		6E8C8A602B74FAC80088DC07 /* Preview Assets.xcassets */ = {isa = PBXFileReference; lastKnownFileType = folder.assetcatalog; path = "Preview Assets.xcassets"; sourceTree = "<group>"; };
		6E8C8A672B75057F0088DC07 /* LibraryView.swift */ = {isa = PBXFileReference; lastKnownFileType = sourcecode.swift; path = LibraryView.swift; sourceTree = "<group>"; };
		6E8C8A692B753DB30088DC07 /* MiniPlayerView.swift */ = {isa = PBXFileReference; lastKnownFileType = sourcecode.swift; path = MiniPlayerView.swift; sourceTree = "<group>"; };
		6E8C8A6B2B7626670088DC07 /* BlurView.swift */ = {isa = PBXFileReference; lastKnownFileType = sourcecode.swift; path = BlurView.swift; sourceTree = "<group>"; };
		6E8C8A6D2B7632C40088DC07 /* TextData.swift */ = {isa = PBXFileReference; lastKnownFileType = sourcecode.swift; path = TextData.swift; sourceTree = "<group>"; };
		6E8C8A6F2B76338B0088DC07 /* TabBar.swift */ = {isa = PBXFileReference; lastKnownFileType = sourcecode.swift; path = TabBar.swift; sourceTree = "<group>"; };
		6E8C8A712B763B330088DC07 /* ListView.swift */ = {isa = PBXFileReference; lastKnownFileType = sourcecode.swift; path = ListView.swift; sourceTree = "<group>"; };
		6E8C8A742B763BD70088DC07 /* ListModel.swift */ = {isa = PBXFileReference; lastKnownFileType = sourcecode.swift; path = ListModel.swift; sourceTree = "<group>"; };
		6E8C8A762B7644830088DC07 /* ListRow.swift */ = {isa = PBXFileReference; lastKnownFileType = sourcecode.swift; path = ListRow.swift; sourceTree = "<group>"; };
		6E8C8A7B2B76A18D0088DC07 /* RadioView.swift */ = {isa = PBXFileReference; lastKnownFileType = sourcecode.swift; path = RadioView.swift; sourceTree = "<group>"; };
		6E8C8A7D2B76A1CC0088DC07 /* RadioVGrid.swift */ = {isa = PBXFileReference; lastKnownFileType = sourcecode.swift; path = RadioVGrid.swift; sourceTree = "<group>"; };
		6E8C8A7F2B76A1DF0088DC07 /* RadioHGrid.swift */ = {isa = PBXFileReference; lastKnownFileType = sourcecode.swift; path = RadioHGrid.swift; sourceTree = "<group>"; };
		6E8C8A812B76A2C20088DC07 /* RadioModel.swift */ = {isa = PBXFileReference; lastKnownFileType = sourcecode.swift; path = RadioModel.swift; sourceTree = "<group>"; };
		6E8C8A832B76A7190088DC07 /* StationModel.swift */ = {isa = PBXFileReference; lastKnownFileType = sourcecode.swift; path = StationModel.swift; sourceTree = "<group>"; };
		6EC608382B8017FF00028B07 /* CategoryCell.swift */ = {isa = PBXFileReference; lastKnownFileType = sourcecode.swift; path = CategoryCell.swift; sourceTree = "<group>"; };
		6EC6083B2B80CF5900028B07 /* PlayerView.swift */ = {isa = PBXFileReference; lastKnownFileType = sourcecode.swift; path = PlayerView.swift; sourceTree = "<group>"; };
/* End PBXFileReference section */

/* Begin PBXFrameworksBuildPhase section */
		6E8C8A532B74FAC50088DC07 /* Frameworks */ = {
			isa = PBXFrameworksBuildPhase;
			buildActionMask = 2147483647;
			files = (
			);
			runOnlyForDeploymentPostprocessing = 0;
		};
/* End PBXFrameworksBuildPhase section */

/* Begin PBXGroup section */
		6E09B4AD2B7F9967001F3F1B /* Search */ = {
			isa = PBXGroup;
			children = (
				6E09B4AE2B7F9980001F3F1B /* SeachView.swift */,
				6EC608382B8017FF00028B07 /* CategoryCell.swift */,
				6E7AD6862B83570300E1E13E /* DetailSearchView.swift */,
				6E7AD68A2B84F8DB00E1E13E /* DetailSearchCell.swift */,
			);
			path = Search;
			sourceTree = "<group>";
		};
		6E236B532B86676200B023C7 /* UIKit */ = {
			isa = PBXGroup;
			children = (
				6E236B542B86676E00B023C7 /* Search */,
			);
			path = UIKit;
			sourceTree = "<group>";
		};
		6E236B542B86676E00B023C7 /* Search */ = {
			isa = PBXGroup;
			children = (
				6E236B552B8667E700B023C7 /* SeachViewRepresentable.swift */,
				6E236B572B8668DF00B023C7 /* DetailViewControllerHosting.swift */,
				6E236B592B866DC300B023C7 /* SeachViewController.swift */,
				6E236B5B2B866DFB00B023C7 /* SeachCollectionViewCell.swift */,
				6E55B48E2B87500D000AF011 /* HeaderCell.swift */,
			);
			path = Search;
			sourceTree = "<group>";
		};
		6E8C8A4D2B74FAC50088DC07 = {
			isa = PBXGroup;
			children = (
				6E8C8A582B74FAC50088DC07 /* AppleMusic */,
				6E8C8A572B74FAC50088DC07 /* Products */,
			);
			sourceTree = "<group>";
		};
		6E8C8A572B74FAC50088DC07 /* Products */ = {
			isa = PBXGroup;
			children = (
				6E8C8A562B74FAC50088DC07 /* AppleMusic.app */,
			);
			name = Products;
			sourceTree = "<group>";
		};
		6E8C8A582B74FAC50088DC07 /* AppleMusic */ = {
			isa = PBXGroup;
			children = (
				6E236B532B86676200B023C7 /* UIKit */,
				6E8C8A592B74FAC50088DC07 /* AppleMusicApp.swift */,
				6E8C8A5B2B74FAC50088DC07 /* ContentView.swift */,
				6EC6083A2B80C84300028B07 /* Player */,
				6E09B4AD2B7F9967001F3F1B /* Search */,
				6E8C8A792B76A1170088DC07 /* TabBar */,
				6E8C8A782B76A0FA0088DC07 /* Library */,
				6E8C8A732B763BAE0088DC07 /* Models */,
				6E8C8A7A2B76A1390088DC07 /* Radio */,
				6E8C8A5F2B74FAC80088DC07 /* Preview Content */,
			);
			path = AppleMusic;
			sourceTree = "<group>";
		};
		6E8C8A5F2B74FAC80088DC07 /* Preview Content */ = {
			isa = PBXGroup;
			children = (
				6E8C8A5D2B74FAC80088DC07 /* Assets.xcassets */,
				6E8C8A602B74FAC80088DC07 /* Preview Assets.xcassets */,
			);
			path = "Preview Content";
			sourceTree = "<group>";
		};
		6E8C8A732B763BAE0088DC07 /* Models */ = {
			isa = PBXGroup;
			children = (
				6E8C8A6D2B7632C40088DC07 /* TextData.swift */,
				6E8C8A742B763BD70088DC07 /* ListModel.swift */,
				6E8C8A812B76A2C20088DC07 /* RadioModel.swift */,
				6E8C8A832B76A7190088DC07 /* StationModel.swift */,
				6E7AD6882B84ADB600E1E13E /* SearchModel.swift */,
			);
			path = Models;
			sourceTree = "<group>";
		};
		6E8C8A782B76A0FA0088DC07 /* Library */ = {
			isa = PBXGroup;
			children = (
				6E8C8A762B7644830088DC07 /* ListRow.swift */,
				6E8C8A712B763B330088DC07 /* ListView.swift */,
				6E8C8A672B75057F0088DC07 /* LibraryView.swift */,
			);
			path = Library;
			sourceTree = "<group>";
		};
		6E8C8A792B76A1170088DC07 /* TabBar */ = {
			isa = PBXGroup;
			children = (
				6E8C8A6B2B7626670088DC07 /* BlurView.swift */,
				6E8C8A6F2B76338B0088DC07 /* TabBar.swift */,
			);
			path = TabBar;
			sourceTree = "<group>";
		};
		6E8C8A7A2B76A1390088DC07 /* Radio */ = {
			isa = PBXGroup;
			children = (
				6E8C8A7B2B76A18D0088DC07 /* RadioView.swift */,
				6E8C8A7F2B76A1DF0088DC07 /* RadioHGrid.swift */,
				6E8C8A7D2B76A1CC0088DC07 /* RadioVGrid.swift */,
			);
			path = Radio;
			sourceTree = "<group>";
		};
		6EC6083A2B80C84300028B07 /* Player */ = {
			isa = PBXGroup;
			children = (
				6E8C8A692B753DB30088DC07 /* MiniPlayerView.swift */,
				6EC6083B2B80CF5900028B07 /* PlayerView.swift */,
			);
			path = Player;
			sourceTree = "<group>";
		};
/* End PBXGroup section */

/* Begin PBXNativeTarget section */
		6E8C8A552B74FAC50088DC07 /* AppleMusic */ = {
			isa = PBXNativeTarget;
			buildConfigurationList = 6E8C8A642B74FAC80088DC07 /* Build configuration list for PBXNativeTarget "AppleMusic" */;
			buildPhases = (
				6E8C8A522B74FAC50088DC07 /* Sources */,
				6E8C8A532B74FAC50088DC07 /* Frameworks */,
				6E8C8A542B74FAC50088DC07 /* Resources */,
			);
			buildRules = (
			);
			dependencies = (
			);
			name = AppleMusic;
			productName = AppleMusic;
			productReference = 6E8C8A562B74FAC50088DC07 /* AppleMusic.app */;
			productType = "com.apple.product-type.application";
		};
/* End PBXNativeTarget section */

/* Begin PBXProject section */
		6E8C8A4E2B74FAC50088DC07 /* Project object */ = {
			isa = PBXProject;
			attributes = {
				BuildIndependentTargetsInParallel = 1;
				LastSwiftUpdateCheck = 1520;
				LastUpgradeCheck = 1520;
				TargetAttributes = {
					6E8C8A552B74FAC50088DC07 = {
						CreatedOnToolsVersion = 15.2;
					};
				};
			};
			buildConfigurationList = 6E8C8A512B74FAC50088DC07 /* Build configuration list for PBXProject "AppleMusic" */;
			compatibilityVersion = "Xcode 14.0";
			developmentRegion = en;
			hasScannedForEncodings = 0;
			knownRegions = (
				en,
				Base,
			);
			mainGroup = 6E8C8A4D2B74FAC50088DC07;
			productRefGroup = 6E8C8A572B74FAC50088DC07 /* Products */;
			projectDirPath = "";
			projectRoot = "";
			targets = (
				6E8C8A552B74FAC50088DC07 /* AppleMusic */,
			);
		};
/* End PBXProject section */

/* Begin PBXResourcesBuildPhase section */
		6E8C8A542B74FAC50088DC07 /* Resources */ = {
			isa = PBXResourcesBuildPhase;
			buildActionMask = 2147483647;
			files = (
				6E8C8A612B74FAC80088DC07 /* Preview Assets.xcassets in Resources */,
				6E8C8A5E2B74FAC80088DC07 /* Assets.xcassets in Resources */,
			);
			runOnlyForDeploymentPostprocessing = 0;
		};
/* End PBXResourcesBuildPhase section */

/* Begin PBXSourcesBuildPhase section */
		6E8C8A522B74FAC50088DC07 /* Sources */ = {
			isa = PBXSourcesBuildPhase;
			buildActionMask = 2147483647;
			files = (
				6E236B562B8667E700B023C7 /* SeachViewRepresentable.swift in Sources */,
				6EC608392B8017FF00028B07 /* CategoryCell.swift in Sources */,
				6E8C8A7C2B76A18D0088DC07 /* RadioView.swift in Sources */,
				6E8C8A752B763BD70088DC07 /* ListModel.swift in Sources */,
				6E55B48F2B87500D000AF011 /* HeaderCell.swift in Sources */,
				6E7AD6892B84ADB600E1E13E /* SearchModel.swift in Sources */,
				6E8C8A722B763B330088DC07 /* ListView.swift in Sources */,
				6E236B5C2B866DFB00B023C7 /* SeachCollectionViewCell.swift in Sources */,
				6E8C8A822B76A2C20088DC07 /* RadioModel.swift in Sources */,
				6E8C8A5C2B74FAC50088DC07 /* ContentView.swift in Sources */,
				6E8C8A682B7505800088DC07 /* LibraryView.swift in Sources */,
				6E8C8A802B76A1DF0088DC07 /* RadioHGrid.swift in Sources */,
				6E8C8A842B76A7190088DC07 /* StationModel.swift in Sources */,
				6E7AD68B2B84F8DB00E1E13E /* DetailSearchCell.swift in Sources */,
				6E236B582B8668DF00B023C7 /* DetailViewControllerHosting.swift in Sources */,
				6E7AD6872B83570300E1E13E /* DetailSearchView.swift in Sources */,
				6EC6083C2B80CF5900028B07 /* PlayerView.swift in Sources */,
				6E8C8A772B7644830088DC07 /* ListRow.swift in Sources */,
				6E09B4AF2B7F9980001F3F1B /* SeachView.swift in Sources */,
				6E8C8A6E2B7632C40088DC07 /* TextData.swift in Sources */,
				6E8C8A6C2B7626670088DC07 /* BlurView.swift in Sources */,
				6E8C8A5A2B74FAC50088DC07 /* AppleMusicApp.swift in Sources */,
				6E8C8A6A2B753DB40088DC07 /* MiniPlayerView.swift in Sources */,
				6E8C8A7E2B76A1CC0088DC07 /* RadioVGrid.swift in Sources */,
				6E8C8A702B76338B0088DC07 /* TabBar.swift in Sources */,
				6E236B5A2B866DC300B023C7 /* SeachViewController.swift in Sources */,
			);
			runOnlyForDeploymentPostprocessing = 0;
		};
/* End PBXSourcesBuildPhase section */

/* Begin XCBuildConfiguration section */
		6E8C8A622B74FAC80088DC07 /* Debug */ = {
			isa = XCBuildConfiguration;
			buildSettings = {
				ALWAYS_SEARCH_USER_PATHS = NO;
				ASSETCATALOG_COMPILER_GENERATE_SWIFT_ASSET_SYMBOL_EXTENSIONS = YES;
				CLANG_ANALYZER_NONNULL = YES;
				CLANG_ANALYZER_NUMBER_OBJECT_CONVERSION = YES_AGGRESSIVE;
				CLANG_CXX_LANGUAGE_STANDARD = "gnu++20";
				CLANG_ENABLE_MODULES = YES;
				CLANG_ENABLE_OBJC_ARC = YES;
				CLANG_ENABLE_OBJC_WEAK = YES;
				CLANG_WARN_BLOCK_CAPTURE_AUTORELEASING = YES;
				CLANG_WARN_BOOL_CONVERSION = YES;
				CLANG_WARN_COMMA = YES;
				CLANG_WARN_CONSTANT_CONVERSION = YES;
				CLANG_WARN_DEPRECATED_OBJC_IMPLEMENTATIONS = YES;
				CLANG_WARN_DIRECT_OBJC_ISA_USAGE = YES_ERROR;
				CLANG_WARN_DOCUMENTATION_COMMENTS = YES;
				CLANG_WARN_EMPTY_BODY = YES;
				CLANG_WARN_ENUM_CONVERSION = YES;
				CLANG_WARN_INFINITE_RECURSION = YES;
				CLANG_WARN_INT_CONVERSION = YES;
				CLANG_WARN_NON_LITERAL_NULL_CONVERSION = YES;
				CLANG_WARN_OBJC_IMPLICIT_RETAIN_SELF = YES;
				CLANG_WARN_OBJC_LITERAL_CONVERSION = YES;
				CLANG_WARN_OBJC_ROOT_CLASS = YES_ERROR;
				CLANG_WARN_QUOTED_INCLUDE_IN_FRAMEWORK_HEADER = YES;
				CLANG_WARN_RANGE_LOOP_ANALYSIS = YES;
				CLANG_WARN_STRICT_PROTOTYPES = YES;
				CLANG_WARN_SUSPICIOUS_MOVE = YES;
				CLANG_WARN_UNGUARDED_AVAILABILITY = YES_AGGRESSIVE;
				CLANG_WARN_UNREACHABLE_CODE = YES;
				CLANG_WARN__DUPLICATE_METHOD_MATCH = YES;
				COPY_PHASE_STRIP = NO;
				DEBUG_INFORMATION_FORMAT = dwarf;
				ENABLE_STRICT_OBJC_MSGSEND = YES;
				ENABLE_TESTABILITY = YES;
				ENABLE_USER_SCRIPT_SANDBOXING = YES;
				GCC_C_LANGUAGE_STANDARD = gnu17;
				GCC_DYNAMIC_NO_PIC = NO;
				GCC_NO_COMMON_BLOCKS = YES;
				GCC_OPTIMIZATION_LEVEL = 0;
				GCC_PREPROCESSOR_DEFINITIONS = (
					"DEBUG=1",
					"$(inherited)",
				);
				GCC_WARN_64_TO_32_BIT_CONVERSION = YES;
				GCC_WARN_ABOUT_RETURN_TYPE = YES_ERROR;
				GCC_WARN_UNDECLARED_SELECTOR = YES;
				GCC_WARN_UNINITIALIZED_AUTOS = YES_AGGRESSIVE;
				GCC_WARN_UNUSED_FUNCTION = YES;
				GCC_WARN_UNUSED_VARIABLE = YES;
				IPHONEOS_DEPLOYMENT_TARGET = 17.2;
				LOCALIZATION_PREFERS_STRING_CATALOGS = YES;
				MTL_ENABLE_DEBUG_INFO = INCLUDE_SOURCE;
				MTL_FAST_MATH = YES;
				ONLY_ACTIVE_ARCH = YES;
				SDKROOT = iphoneos;
				SWIFT_ACTIVE_COMPILATION_CONDITIONS = "DEBUG $(inherited)";
				SWIFT_OPTIMIZATION_LEVEL = "-Onone";
			};
			name = Debug;
		};
		6E8C8A632B74FAC80088DC07 /* Release */ = {
			isa = XCBuildConfiguration;
			buildSettings = {
				ALWAYS_SEARCH_USER_PATHS = NO;
				ASSETCATALOG_COMPILER_GENERATE_SWIFT_ASSET_SYMBOL_EXTENSIONS = YES;
				CLANG_ANALYZER_NONNULL = YES;
				CLANG_ANALYZER_NUMBER_OBJECT_CONVERSION = YES_AGGRESSIVE;
				CLANG_CXX_LANGUAGE_STANDARD = "gnu++20";
				CLANG_ENABLE_MODULES = YES;
				CLANG_ENABLE_OBJC_ARC = YES;
				CLANG_ENABLE_OBJC_WEAK = YES;
				CLANG_WARN_BLOCK_CAPTURE_AUTORELEASING = YES;
				CLANG_WARN_BOOL_CONVERSION = YES;
				CLANG_WARN_COMMA = YES;
				CLANG_WARN_CONSTANT_CONVERSION = YES;
				CLANG_WARN_DEPRECATED_OBJC_IMPLEMENTATIONS = YES;
				CLANG_WARN_DIRECT_OBJC_ISA_USAGE = YES_ERROR;
				CLANG_WARN_DOCUMENTATION_COMMENTS = YES;
				CLANG_WARN_EMPTY_BODY = YES;
				CLANG_WARN_ENUM_CONVERSION = YES;
				CLANG_WARN_INFINITE_RECURSION = YES;
				CLANG_WARN_INT_CONVERSION = YES;
				CLANG_WARN_NON_LITERAL_NULL_CONVERSION = YES;
				CLANG_WARN_OBJC_IMPLICIT_RETAIN_SELF = YES;
				CLANG_WARN_OBJC_LITERAL_CONVERSION = YES;
				CLANG_WARN_OBJC_ROOT_CLASS = YES_ERROR;
				CLANG_WARN_QUOTED_INCLUDE_IN_FRAMEWORK_HEADER = YES;
				CLANG_WARN_RANGE_LOOP_ANALYSIS = YES;
				CLANG_WARN_STRICT_PROTOTYPES = YES;
				CLANG_WARN_SUSPICIOUS_MOVE = YES;
				CLANG_WARN_UNGUARDED_AVAILABILITY = YES_AGGRESSIVE;
				CLANG_WARN_UNREACHABLE_CODE = YES;
				CLANG_WARN__DUPLICATE_METHOD_MATCH = YES;
				COPY_PHASE_STRIP = NO;
				DEBUG_INFORMATION_FORMAT = "dwarf-with-dsym";
				ENABLE_NS_ASSERTIONS = NO;
				ENABLE_STRICT_OBJC_MSGSEND = YES;
				ENABLE_USER_SCRIPT_SANDBOXING = YES;
				GCC_C_LANGUAGE_STANDARD = gnu17;
				GCC_NO_COMMON_BLOCKS = YES;
				GCC_WARN_64_TO_32_BIT_CONVERSION = YES;
				GCC_WARN_ABOUT_RETURN_TYPE = YES_ERROR;
				GCC_WARN_UNDECLARED_SELECTOR = YES;
				GCC_WARN_UNINITIALIZED_AUTOS = YES_AGGRESSIVE;
				GCC_WARN_UNUSED_FUNCTION = YES;
				GCC_WARN_UNUSED_VARIABLE = YES;
				IPHONEOS_DEPLOYMENT_TARGET = 17.2;
				LOCALIZATION_PREFERS_STRING_CATALOGS = YES;
				MTL_ENABLE_DEBUG_INFO = NO;
				MTL_FAST_MATH = YES;
				SDKROOT = iphoneos;
				SWIFT_COMPILATION_MODE = wholemodule;
				VALIDATE_PRODUCT = YES;
			};
			name = Release;
		};
		6E8C8A652B74FAC80088DC07 /* Debug */ = {
			isa = XCBuildConfiguration;
			buildSettings = {
				ASSETCATALOG_COMPILER_APPICON_NAME = AppIcon;
				ASSETCATALOG_COMPILER_GLOBAL_ACCENT_COLOR_NAME = AccentColor;
				CODE_SIGN_STYLE = Automatic;
				CURRENT_PROJECT_VERSION = 1;
				DEVELOPMENT_ASSET_PATHS = "\"AppleMusic/Preview Content\"";
				DEVELOPMENT_TEAM = UGU4YXN2T7;
				ENABLE_PREVIEWS = YES;
				GENERATE_INFOPLIST_FILE = YES;
				INFOPLIST_KEY_UIApplicationSceneManifest_Generation = YES;
				INFOPLIST_KEY_UIApplicationSupportsIndirectInputEvents = YES;
				INFOPLIST_KEY_UILaunchScreen_Generation = YES;
				INFOPLIST_KEY_UISupportedInterfaceOrientations = UIInterfaceOrientationPortrait;
				INFOPLIST_KEY_UISupportedInterfaceOrientations_iPad = "UIInterfaceOrientationLandscapeLeft UIInterfaceOrientationLandscapeRight UIInterfaceOrientationPortrait UIInterfaceOrientationPortraitUpsideDown";
				LD_RUNPATH_SEARCH_PATHS = (
					"$(inherited)",
					"@executable_path/Frameworks",
				);
				MARKETING_VERSION = 1.0;
				PRODUCT_BUNDLE_IDENTIFIER = MDF.AppleMusic;
				PRODUCT_NAME = "$(TARGET_NAME)";
				SWIFT_EMIT_LOC_STRINGS = YES;
				SWIFT_VERSION = 5.0;
				TARGETED_DEVICE_FAMILY = "1,2";
			};
			name = Debug;
		};
		6E8C8A662B74FAC80088DC07 /* Release */ = {
			isa = XCBuildConfiguration;
			buildSettings = {
				ASSETCATALOG_COMPILER_APPICON_NAME = AppIcon;
				ASSETCATALOG_COMPILER_GLOBAL_ACCENT_COLOR_NAME = AccentColor;
				CODE_SIGN_STYLE = Automatic;
				CURRENT_PROJECT_VERSION = 1;
				DEVELOPMENT_ASSET_PATHS = "\"AppleMusic/Preview Content\"";
				DEVELOPMENT_TEAM = UGU4YXN2T7;
				ENABLE_PREVIEWS = YES;
				GENERATE_INFOPLIST_FILE = YES;
				INFOPLIST_KEY_UIApplicationSceneManifest_Generation = YES;
				INFOPLIST_KEY_UIApplicationSupportsIndirectInputEvents = YES;
				INFOPLIST_KEY_UILaunchScreen_Generation = YES;
				INFOPLIST_KEY_UISupportedInterfaceOrientations = UIInterfaceOrientationPortrait;
				INFOPLIST_KEY_UISupportedInterfaceOrientations_iPad = "UIInterfaceOrientationLandscapeLeft UIInterfaceOrientationLandscapeRight UIInterfaceOrientationPortrait UIInterfaceOrientationPortraitUpsideDown";
				LD_RUNPATH_SEARCH_PATHS = (
					"$(inherited)",
					"@executable_path/Frameworks",
				);
				MARKETING_VERSION = 1.0;
				PRODUCT_BUNDLE_IDENTIFIER = MDF.AppleMusic;
				PRODUCT_NAME = "$(TARGET_NAME)";
				SWIFT_EMIT_LOC_STRINGS = YES;
				SWIFT_VERSION = 5.0;
				TARGETED_DEVICE_FAMILY = "1,2";
			};
			name = Release;
		};
/* End XCBuildConfiguration section */

/* Begin XCConfigurationList section */
		6E8C8A512B74FAC50088DC07 /* Build configuration list for PBXProject "AppleMusic" */ = {
			isa = XCConfigurationList;
			buildConfigurations = (
				6E8C8A622B74FAC80088DC07 /* Debug */,
				6E8C8A632B74FAC80088DC07 /* Release */,
			);
			defaultConfigurationIsVisible = 0;
			defaultConfigurationName = Release;
		};
		6E8C8A642B74FAC80088DC07 /* Build configuration list for PBXNativeTarget "AppleMusic" */ = {
			isa = XCConfigurationList;
			buildConfigurations = (
				6E8C8A652B74FAC80088DC07 /* Debug */,
				6E8C8A662B74FAC80088DC07 /* Release */,
			);
			defaultConfigurationIsVisible = 0;
			defaultConfigurationName = Release;
		};
/* End XCConfigurationList section */
	};
	rootObject = 6E8C8A4E2B74FAC50088DC07 /* Project object */;
}
